
Microsoft Visual Studio Solution File, Format Version 12.00
# Visual Studio 15
VisualStudioVersion = 15.0.27130.2010
MinimumVisualStudioVersion = 10.0.40219.1
Project("{FAE04EC0-301F-11D3-BF4B-00C04F79EFBC}") = "EmploiDuTempsDLL", "EmploiDuTempsDLL\EmploiDuTempsDLL.csproj", "{FEAEC3D2-706A-47C0-88D2-8D4F11D5283E}"
EndProject
Project("{FAE04EC0-301F-11D3-BF4B-00C04F79EFBC}") = "ServeurEmploi", "ServeurEmploi\ServeurEmploi.csproj", "{038BD15D-2328-4C41-8D20-11780A8B4FE8}"
EndProject
Project("{FAE04EC0-301F-11D3-BF4B-00C04F79EFBC}") = "ClientEmploi", "ClientEmploi\ClientEmploi.csproj", "{A3066194-6B21-4A4F-A609-EC437A21BE48}"
EndProject
Global
	GlobalSection(SolutionConfigurationPlatforms) = preSolution
		Debug|Any CPU = Debug|Any CPU
		Release|Any CPU = Release|Any CPU
	EndGlobalSection
	GlobalSection(ProjectConfigurationPlatforms) = postSolution
		{FEAEC3D2-706A-47C0-88D2-8D4F11D5283E}.Debug|Any CPU.ActiveCfg = Debug|Any CPU
		{FEAEC3D2-706A-47C0-88D2-8D4F11D5283E}.Debug|Any CPU.Build.0 = Debug|Any CPU
		{FEAEC3D2-706A-47C0-88D2-8D4F11D5283E}.Release|Any CPU.ActiveCfg = Release|Any CPU
		{FEAEC3D2-706A-47C0-88D2-8D4F11D5283E}.Release|Any CPU.Build.0 = Release|Any CPU
		{038BD15D-2328-4C41-8D20-11780A8B4FE8}.Debug|Any CPU.ActiveCfg = Debug|Any CPU
		{038BD15D-2328-4C41-8D20-11780A8B4FE8}.Debug|Any CPU.Build.0 = Debug|Any CPU
		{038BD15D-2328-4C41-8D20-11780A8B4FE8}.Release|Any CPU.ActiveCfg = Release|Any CPU
		{038BD15D-2328-4C41-8D20-11780A8B4FE8}.Release|Any CPU.Build.0 = Release|Any CPU
		{A3066194-6B21-4A4F-A609-EC437A21BE48}.Debug|Any CPU.ActiveCfg = Debug|Any CPU
		{A3066194-6B21-4A4F-A609-EC437A21BE48}.Debug|Any CPU.Build.0 = Debug|Any CPU
		{A3066194-6B21-4A4F-A609-EC437A21BE48}.Release|Any CPU.ActiveCfg = Release|Any CPU
		{A3066194-6B21-4A4F-A609-EC437A21BE48}.Release|Any CPU.Build.0 = Release|Any CPU
	EndGlobalSection
	GlobalSection(SolutionProperties) = preSolution
		HideSolutionNode = FALSE
	EndGlobalSection
	GlobalSection(ExtensibilityGlobals) = postSolution
		SolutionGuid = {90A70589-7E12-48D9-90B5-7913394CA660}
	EndGlobalSection
EndGlobal
